
Microsoft Visual Studio Solution File, Format Version 12.00
# Visual Studio Version 17
VisualStudioVersion = 17.11.35327.3
MinimumVisualStudioVersion = 10.0.40219.1
Project("{9A19103F-16F7-4668-BE54-9A1E7A4F7556}") = "AbcVersion", "AbcVersion\AbcVersion.csproj", "{97D02C7C-0A83-4245-8199-A9C53F4FB425}"
EndProject
Project("{9A19103F-16F7-4668-BE54-9A1E7A4F7556}") = "AbcVersion.Tests", "AbcVersion.Tests\AbcVersion.Tests.csproj", "{5B071A2C-A12C-451B-9A29-3510C1BB3EF5}"
EndProject
Project("{9A19103F-16F7-4668-BE54-9A1E7A4F7556}") = "_build", "build\_build.csproj", "{C5C5F8D2-1BBC-47F2-A2D3-D5BB250789A2}"
EndProject
Project("{FAE04EC0-301F-11D3-BF4B-00C04F79EFBC}") = "AbcVersion.Cmd", "AbcVersion.Cmd\AbcVersion.Cmd.csproj", "{A7A2ECFD-D8F4-2FFC-0054-B3D1A2AEF330}"
EndProject
Project("{2150E333-8FDC-42A3-9474-1A3956D46DE8}") = "misc", "misc", "{02EA681E-C7D8-13C7-8484-4AC65E1B71E8}"
	ProjectSection(SolutionItems) = preProject
		..\.github\workflows\dotnet-tool.yml = ..\.github\workflows\dotnet-tool.yml
		..\.github\workflows\nuget-package.yml = ..\.github\workflows\nuget-package.yml
	EndProjectSection
EndProject
Global
	GlobalSection(SolutionConfigurationPlatforms) = preSolution
		Debug|Any CPU = Debug|Any CPU
		Release|Any CPU = Release|Any CPU
	EndGlobalSection
	GlobalSection(ProjectConfigurationPlatforms) = postSolution
		{97D02C7C-0A83-4245-8199-A9C53F4FB425}.Debug|Any CPU.ActiveCfg = Debug|Any CPU
		{97D02C7C-0A83-4245-8199-A9C53F4FB425}.Debug|Any CPU.Build.0 = Debug|Any CPU
		{97D02C7C-0A83-4245-8199-A9C53F4FB425}.Release|Any CPU.ActiveCfg = Release|Any CPU
		{97D02C7C-0A83-4245-8199-A9C53F4FB425}.Release|Any CPU.Build.0 = Release|Any CPU
		{5B071A2C-A12C-451B-9A29-3510C1BB3EF5}.Debug|Any CPU.ActiveCfg = Debug|Any CPU
		{5B071A2C-A12C-451B-9A29-3510C1BB3EF5}.Debug|Any CPU.Build.0 = Debug|Any CPU
		{5B071A2C-A12C-451B-9A29-3510C1BB3EF5}.Release|Any CPU.ActiveCfg = Release|Any CPU
		{5B071A2C-A12C-451B-9A29-3510C1BB3EF5}.Release|Any CPU.Build.0 = Release|Any CPU
		{C5C5F8D2-1BBC-47F2-A2D3-D5BB250789A2}.Debug|Any CPU.ActiveCfg = Debug|Any CPU
		{C5C5F8D2-1BBC-47F2-A2D3-D5BB250789A2}.Release|Any CPU.ActiveCfg = Release|Any CPU
		{A7A2ECFD-D8F4-2FFC-0054-B3D1A2AEF330}.Debug|Any CPU.ActiveCfg = Debug|Any CPU
		{A7A2ECFD-D8F4-2FFC-0054-B3D1A2AEF330}.Debug|Any CPU.Build.0 = Debug|Any CPU
		{A7A2ECFD-D8F4-2FFC-0054-B3D1A2AEF330}.Release|Any CPU.ActiveCfg = Release|Any CPU
		{A7A2ECFD-D8F4-2FFC-0054-B3D1A2AEF330}.Release|Any CPU.Build.0 = Release|Any CPU
	EndGlobalSection
	GlobalSection(SolutionProperties) = preSolution
		HideSolutionNode = FALSE
	EndGlobalSection
	GlobalSection(ExtensibilityGlobals) = postSolution
		SolutionGuid = {9346AACB-2B97-4A50-8859-720A58A473FF}
	EndGlobalSection
EndGlobal
